
Microsoft Visual Studio Solution File, Format Version 12.00
# Visual Studio Version 16
VisualStudioVersion = 16.0.32510.428
MinimumVisualStudioVersion = 10.0.40219.1
Project("{FAE04EC0-301F-11D3-BF4B-00C04F79EFBC}") = "FileTrans", "FileTrans.csproj", "{503A29A1-F1D5-4147-8ADA-D2E00C8B6A4D}"
EndProject
Global
	GlobalSection(SolutionConfigurationPlatforms) = preSolution
		Debug|Any CPU = Debug|Any CPU
		Release|Any CPU = Release|Any CPU
	EndGlobalSection
	GlobalSection(ProjectConfigurationPlatforms) = postSolution
		{503A29A1-F1D5-4147-8ADA-D2E00C8B6A4D}.Debug|Any CPU.ActiveCfg = Debug|Any CPU
		{503A29A1-F1D5-4147-8ADA-D2E00C8B6A4D}.Debug|Any CPU.Build.0 = Debug|Any CPU
		{503A29A1-F1D5-4147-8ADA-D2E00C8B6A4D}.Release|Any CPU.ActiveCfg = Release|Any CPU
		{503A29A1-F1D5-4147-8ADA-D2E00C8B6A4D}.Release|Any CPU.Build.0 = Release|Any CPU
	EndGlobalSection
	GlobalSection(SolutionProperties) = preSolution
		HideSolutionNode = FALSE
	EndGlobalSection
	GlobalSection(ExtensibilityGlobals) = postSolution
		SolutionGuid = {DF028848-3A0C-4886-9401-141EC7346C52}
	EndGlobalSection
EndGlobal
