
Microsoft Visual Studio Solution File, Format Version 12.00
# Visual Studio Version 16
VisualStudioVersion = 16.0.32510.428
MinimumVisualStudioVersion = 10.0.40219.1
Project("{FAE04EC0-301F-11D3-BF4B-00C04F79EFBC}") = "socket_receiver", "socket_receiver.csproj", "{B6829542-0E17-4652-80F7-CEF63202341F}"
EndProject
Global
	GlobalSection(SolutionConfigurationPlatforms) = preSolution
		Debug|Any CPU = Debug|Any CPU
		Release|Any CPU = Release|Any CPU
	EndGlobalSection
	GlobalSection(ProjectConfigurationPlatforms) = postSolution
		{B6829542-0E17-4652-80F7-CEF63202341F}.Debug|Any CPU.ActiveCfg = Debug|Any CPU
		{B6829542-0E17-4652-80F7-CEF63202341F}.Debug|Any CPU.Build.0 = Debug|Any CPU
		{B6829542-0E17-4652-80F7-CEF63202341F}.Release|Any CPU.ActiveCfg = Release|Any CPU
		{B6829542-0E17-4652-80F7-CEF63202341F}.Release|Any CPU.Build.0 = Release|Any CPU
	EndGlobalSection
	GlobalSection(SolutionProperties) = preSolution
		HideSolutionNode = FALSE
	EndGlobalSection
	GlobalSection(ExtensibilityGlobals) = postSolution
		SolutionGuid = {A6F48C08-6024-484C-8AD4-10518F0F8188}
	EndGlobalSection
EndGlobal
